
Microsoft Visual Studio Solution File, Format Version 12.00
# Visual Studio Version 17
VisualStudioVersion = 17.6.33723.286
MinimumVisualStudioVersion = 10.0.40219.1
Project("{FAE04EC0-301F-11D3-BF4B-00C04F79EFBC}") = "Weather.Kafka.Producer", "Weather.Kafka.Producer\Weather.Kafka.Producer.csproj", "{D91C5D80-AD77-437B-AD89-EA3DA01CFF26}"
EndProject
Project("{FAE04EC0-301F-11D3-BF4B-00C04F79EFBC}") = "Weather.Kafka.Consumer", "Weather.Kafka.Consumer\Weather.Kafka.Consumer.csproj", "{6A03EE38-104D-414A-85CE-2F653D56DB98}"
EndProject
Project("{FAE04EC0-301F-11D3-BF4B-00C04F79EFBC}") = "Weather.Kafka.Common", "Weather.Kafka.Common\Weather.Kafka.Common.csproj", "{A9E081CF-ADBD-44A7-B278-97B9A7034F6A}"
EndProject
Global
	GlobalSection(SolutionConfigurationPlatforms) = preSolution
		Debug|Any CPU = Debug|Any CPU
		Release|Any CPU = Release|Any CPU
	EndGlobalSection
	GlobalSection(ProjectConfigurationPlatforms) = postSolution
		{D91C5D80-AD77-437B-AD89-EA3DA01CFF26}.Debug|Any CPU.ActiveCfg = Debug|Any CPU
		{D91C5D80-AD77-437B-AD89-EA3DA01CFF26}.Debug|Any CPU.Build.0 = Debug|Any CPU
		{D91C5D80-AD77-437B-AD89-EA3DA01CFF26}.Release|Any CPU.ActiveCfg = Release|Any CPU
		{D91C5D80-AD77-437B-AD89-EA3DA01CFF26}.Release|Any CPU.Build.0 = Release|Any CPU
		{6A03EE38-104D-414A-85CE-2F653D56DB98}.Debug|Any CPU.ActiveCfg = Debug|Any CPU
		{6A03EE38-104D-414A-85CE-2F653D56DB98}.Debug|Any CPU.Build.0 = Debug|Any CPU
		{6A03EE38-104D-414A-85CE-2F653D56DB98}.Release|Any CPU.ActiveCfg = Release|Any CPU
		{6A03EE38-104D-414A-85CE-2F653D56DB98}.Release|Any CPU.Build.0 = Release|Any CPU
		{A9E081CF-ADBD-44A7-B278-97B9A7034F6A}.Debug|Any CPU.ActiveCfg = Debug|Any CPU
		{A9E081CF-ADBD-44A7-B278-97B9A7034F6A}.Debug|Any CPU.Build.0 = Debug|Any CPU
		{A9E081CF-ADBD-44A7-B278-97B9A7034F6A}.Release|Any CPU.ActiveCfg = Release|Any CPU
		{A9E081CF-ADBD-44A7-B278-97B9A7034F6A}.Release|Any CPU.Build.0 = Release|Any CPU
	EndGlobalSection
	GlobalSection(SolutionProperties) = preSolution
		HideSolutionNode = FALSE
	EndGlobalSection
	GlobalSection(ExtensibilityGlobals) = postSolution
		SolutionGuid = {F41B922B-F935-4900-BF2E-F8C8311E3AA8}
	EndGlobalSection
EndGlobal
